
Microsoft Visual Studio Solution File, Format Version 12.00
# Visual Studio 15
VisualStudioVersion = 15.0.28307.421
MinimumVisualStudioVersion = 10.0.40219.1
Project("{9A19103F-16F7-4668-BE54-9A1E7A4F7556}") = "Consecration2019", "Consecration2019\Consecration2019\Consecration2019.csproj", "{973BF41A-DAF6-478B-AB7B-01BE0598A042}"
EndProject
Project("{FAE04EC0-301F-11D3-BF4B-00C04F79EFBC}") = "Consecration2019.Android", "Consecration2019\Consecration2019.Android\Consecration2019.Android.csproj", "{34E83138-D39A-4FF0-BD08-24F9234F64D2}"
EndProject
Global
	GlobalSection(SolutionConfigurationPlatforms) = preSolution
		Debug|Any CPU = Debug|Any CPU
		Release|Any CPU = Release|Any CPU
	EndGlobalSection
	GlobalSection(ProjectConfigurationPlatforms) = postSolution
		{973BF41A-DAF6-478B-AB7B-01BE0598A042}.Debug|Any CPU.ActiveCfg = Debug|Any CPU
		{973BF41A-DAF6-478B-AB7B-01BE0598A042}.Debug|Any CPU.Build.0 = Debug|Any CPU
		{973BF41A-DAF6-478B-AB7B-01BE0598A042}.Release|Any CPU.ActiveCfg = Release|Any CPU
		{973BF41A-DAF6-478B-AB7B-01BE0598A042}.Release|Any CPU.Build.0 = Release|Any CPU
		{34E83138-D39A-4FF0-BD08-24F9234F64D2}.Debug|Any CPU.ActiveCfg = Debug|Any CPU
		{34E83138-D39A-4FF0-BD08-24F9234F64D2}.Debug|Any CPU.Build.0 = Debug|Any CPU
		{34E83138-D39A-4FF0-BD08-24F9234F64D2}.Debug|Any CPU.Deploy.0 = Debug|Any CPU
		{34E83138-D39A-4FF0-BD08-24F9234F64D2}.Release|Any CPU.ActiveCfg = Release|Any CPU
		{34E83138-D39A-4FF0-BD08-24F9234F64D2}.Release|Any CPU.Build.0 = Release|Any CPU
		{34E83138-D39A-4FF0-BD08-24F9234F64D2}.Release|Any CPU.Deploy.0 = Release|Any CPU
	EndGlobalSection
	GlobalSection(SolutionProperties) = preSolution
		HideSolutionNode = FALSE
	EndGlobalSection
	GlobalSection(ExtensibilityGlobals) = postSolution
		SolutionGuid = {C2549057-6DDF-4269-8F03-8B9F61657844}
	EndGlobalSection
EndGlobal
